Microsoft Visual Studio Solution File, Format Version 12.00
# Visual Studio Version 17
VisualStudioVersion = 17.13.35825.156
MinimumVisualStudioVersion = 10.0.40219.1
Project("{FAE04EC0-301F-11D3-BF4B-00C04F79EFBC}") = "Practica#1", "Practica#1\Practica#1.csproj", "{45082988-ECF8-4609-9987-5CEA825C8052}"
EndProject
Global
	GlobalSection(SolutionConfigurationPlatforms) = preSolution
		Debug|Any CPU = Debug|Any CPU
		Release|Any CPU = Release|Any CPU
	EndGlobalSection
	GlobalSection(ProjectConfigurationPlatforms) = postSolution
		{45082988-ECF8-4609-9987-5CEA825C8052}.Debug|Any CPU.ActiveCfg = Debug|Any CPU
		{45082988-ECF8-4609-9987-5CEA825C8052}.Debug|Any CPU.Build.0 = Debug|Any CPU
		{45082988-ECF8-4609-9987-5CEA825C8052}.Release|Any CPU.ActiveCfg = Release|Any CPU
		{45082988-ECF8-4609-9987-5CEA825C8052}.Release|Any CPU.Build.0 = Release|Any CPU
	EndGlobalSection
	GlobalSection(SolutionProperties) = preSolution
		HideSolutionNode = FALSE
	EndGlobalSection
	GlobalSection(ExtensibilityGlobals) = postSolution
		SolutionGuid = {64647C67-F06E-46D7-92D1-F496CBCB8246}
	EndGlobalSection
EndGlobal
