Microsoft Visual Studio Solution File, Format Version 12.00
# Visual Studio Version 17
VisualStudioVersion = 17.13.35825.156
MinimumVisualStudioVersion = 10.0.40219.1
Project("{FAE04EC0-301F-11D3-BF4B-00C04F79EFBC}") = "Practica SRP", "Practica SRP\Practica SRP.csproj", "{56277678-42A1-4524-BC0F-92E7BC985C84}"
EndProject
Global
	GlobalSection(SolutionConfigurationPlatforms) = preSolution
		Debug|Any CPU = Debug|Any CPU
		Release|Any CPU = Release|Any CPU
	EndGlobalSection
	GlobalSection(ProjectConfigurationPlatforms) = postSolution
		{56277678-42A1-4524-BC0F-92E7BC985C84}.Debug|Any CPU.ActiveCfg = Debug|Any CPU
		{56277678-42A1-4524-BC0F-92E7BC985C84}.Debug|Any CPU.Build.0 = Debug|Any CPU
		{56277678-42A1-4524-BC0F-92E7BC985C84}.Release|Any CPU.ActiveCfg = Release|Any CPU
		{56277678-42A1-4524-BC0F-92E7BC985C84}.Release|Any CPU.Build.0 = Release|Any CPU
	EndGlobalSection
	GlobalSection(SolutionProperties) = preSolution
		HideSolutionNode = FALSE
	EndGlobalSection
	GlobalSection(ExtensibilityGlobals) = postSolution
		SolutionGuid = {705047E0-9A4D-43AD-81BF-C8872A87D2E6}
	EndGlobalSection
EndGlobal
