Microsoft Visual Studio Solution File, Format Version 12.00
# Visual Studio Version 17
VisualStudioVersion = 17.13.35825.156
MinimumVisualStudioVersion = 10.0.40219.1
Project("{FAE04EC0-301F-11D3-BF4B-00C04F79EFBC}") = "Practica DL", "ConsoleApp1\Practica DL.csproj", "{80E87AC4-CFD2-4B5C-B776-23645A689D07}"
EndProject
Global
	GlobalSection(SolutionConfigurationPlatforms) = preSolution
		Debug|Any CPU = Debug|Any CPU
		Release|Any CPU = Release|Any CPU
	EndGlobalSection
	GlobalSection(ProjectConfigurationPlatforms) = postSolution
		{80E87AC4-CFD2-4B5C-B776-23645A689D07}.Debug|Any CPU.ActiveCfg = Debug|Any CPU
		{80E87AC4-CFD2-4B5C-B776-23645A689D07}.Debug|Any CPU.Build.0 = Debug|Any CPU
		{80E87AC4-CFD2-4B5C-B776-23645A689D07}.Release|Any CPU.ActiveCfg = Release|Any CPU
		{80E87AC4-CFD2-4B5C-B776-23645A689D07}.Release|Any CPU.Build.0 = Release|Any CPU
	EndGlobalSection
	GlobalSection(SolutionProperties) = preSolution
		HideSolutionNode = FALSE
	EndGlobalSection
	GlobalSection(ExtensibilityGlobals) = postSolution
		SolutionGuid = {3F4491D1-C6E1-49A8-9B6D-643DA2DD1567}
	EndGlobalSection
EndGlobal
