Microsoft Visual Studio Solution File, Format Version 12.00
# Visual Studio Version 17
VisualStudioVersion = 17.13.35825.156
MinimumVisualStudioVersion = 10.0.40219.1
Project("{FAE04EC0-301F-11D3-BF4B-00C04F79EFBC}") = "Vercion que viola el LSP", "Practica LSP\Vercion que viola el LSP.csproj", "{DD4E31B2-297D-44CE-88BC-87C460DCA31F}"
EndProject
Project("{FAE04EC0-301F-11D3-BF4B-00C04F79EFBC}") = "Vercion Correcta", "Vercion Correcta\Vercion Correcta.csproj", "{1998D1DD-D461-4283-82DF-082184D51CA3}"
EndProject
Global
	GlobalSection(SolutionConfigurationPlatforms) = preSolution
		Debug|Any CPU = Debug|Any CPU
		Release|Any CPU = Release|Any CPU
	EndGlobalSection
	GlobalSection(ProjectConfigurationPlatforms) = postSolution
		{DD4E31B2-297D-44CE-88BC-87C460DCA31F}.Debug|Any CPU.ActiveCfg = Debug|Any CPU
		{DD4E31B2-297D-44CE-88BC-87C460DCA31F}.Debug|Any CPU.Build.0 = Debug|Any CPU
		{DD4E31B2-297D-44CE-88BC-87C460DCA31F}.Release|Any CPU.ActiveCfg = Release|Any CPU
		{DD4E31B2-297D-44CE-88BC-87C460DCA31F}.Release|Any CPU.Build.0 = Release|Any CPU
		{1998D1DD-D461-4283-82DF-082184D51CA3}.Debug|Any CPU.ActiveCfg = Debug|Any CPU
		{1998D1DD-D461-4283-82DF-082184D51CA3}.Debug|Any CPU.Build.0 = Debug|Any CPU
		{1998D1DD-D461-4283-82DF-082184D51CA3}.Release|Any CPU.ActiveCfg = Release|Any CPU
		{1998D1DD-D461-4283-82DF-082184D51CA3}.Release|Any CPU.Build.0 = Release|Any CPU
	EndGlobalSection
	GlobalSection(SolutionProperties) = preSolution
		HideSolutionNode = FALSE
	EndGlobalSection
	GlobalSection(ExtensibilityGlobals) = postSolution
		SolutionGuid = {F25340DB-F453-496C-A670-96CD86429A0D}
	EndGlobalSection
EndGlobal
